# THIS IS AN AUTOGENERATED FILE. DO NOT EDIT THIS FILE DIRECTLY.
# yarn lockfile v1


"@discordjs/collection@^0.1.5":
  version "0.1.6"
  resolved "https://registry.yarnpkg.com/@discordjs/collection/-/collection-0.1.6.tgz#9e9a7637f4e4e0688fd8b2b5c63133c91607682c"
  integrity sha512-utRNxnd9kSS2qhyivo9lMlt5qgAUasH2gb7BEOn6p0efFh24gjGomHzWKMAPn2hEReOPQZCJaRKoURwRotKucQ==

"@discordjs/form-data@^3.0.1":
  version "3.0.1"
  resolved "https://registry.yarnpkg.com/@discordjs/form-data/-/form-data-3.0.1.tgz#5c9e6be992e2e57d0dfa0e39979a850225fb4697"
  integrity sha512-ZfFsbgEXW71Rw/6EtBdrP5VxBJy4dthyC0tpQKGKmYFImlmmrykO14Za+BiIVduwjte0jXEBlhSKf0MWbFp9Eg==
  dependencies:
    asynckit "^0.4.0"
    combined-stream "^1.0.8"
    mime-types "^2.1.12"

"@microsoft/recognizers-text-choice@~1.3.0":
  version "1.3.0"
  resolved "https://registry.yarnpkg.com/@microsoft/recognizers-text-choice/-/recognizers-text-choice-1.3.0.tgz#200fab99a145d43a238a7256375d0bb675b61d30"
  integrity sha512-I2LQAJJ9TJthJYWZNzooJD6+5KUkr+H+m54XpjY+vKjR81DPVFUL/SWZVyv+cC7eePFwrDv3gUnkXYS+Lp0hmA==
  dependencies:
    "@microsoft/recognizers-text" "~1.3.0"
    grapheme-splitter "^1.0.2"

"@microsoft/recognizers-text-data-types-timex-expression@~1.3.0":
  version "1.3.0"
  resolved "https://registry.yarnpkg.com/@microsoft/recognizers-text-data-types-timex-expression/-/recognizers-text-data-types-timex-expression-1.3.0.tgz#fc5d586c826e478e8477b7fcb21e9e2830e81c67"
  integrity sha512-REHUXmMUI1jL3b9v+aSdzKxLxRdejsfg9McYRxY3LW0Gu4UbwD7Q+K6mtSo40cwg8uh6fiV9GY8hDuKXHH6dVA==

"@microsoft/recognizers-text-date-time@~1.3.0":
  version "1.3.0"
  resolved "https://registry.yarnpkg.com/@microsoft/recognizers-text-date-time/-/recognizers-text-date-time-1.3.0.tgz#202f711c5398dc113abd183bc2a7fbfbf8e8aac0"
  integrity sha512-bgw4TS726maTg53M6SQRHQOzOH0za0zmBWnnGo0wQdbDfK+bgq5aeDSD4k/HhXvfkOD6zzRd3+tG3Dqyp/kFaQ==
  dependencies:
    "@microsoft/recognizers-text" "~1.3.0"
    "@microsoft/recognizers-text-number" "~1.3.0"
    "@microsoft/recognizers-text-number-with-unit" "~1.3.0"
    lodash.isequal "^4.5.0"
    lodash.tonumber "^4.0.3"

"@microsoft/recognizers-text-number-with-unit@~1.3.0":
  version "1.3.0"
  resolved "https://registry.yarnpkg.com/@microsoft/recognizers-text-number-with-unit/-/recognizers-text-number-with-unit-1.3.0.tgz#36ec3f04b16d98b2825b0e44307260bb05b4bb8e"
  integrity sha512-FxBD1ZQLvr4c+ssVyqUjblg+i21GbzIsDEHd5VWon5wg+2qrqixlmP1mXsXG+iGRV3qqeZCtTFdqkwJ3MWhovA==
  dependencies:
    "@microsoft/recognizers-text" "~1.3.0"
    "@microsoft/recognizers-text-number" "~1.3.0"
    lodash.escaperegexp "^4.1.2"
    lodash.last "^3.0.0"
    lodash.max "^4.0.1"

"@microsoft/recognizers-text-number@~1.3.0":
  version "1.3.0"
  resolved "https://registry.yarnpkg.com/@microsoft/recognizers-text-number/-/recognizers-text-number-1.3.0.tgz#70cc018a7660b57f4483112f048e97ffbba38f9f"
  integrity sha512-KVFxvaXW9E7UkuF0EYCghvCn0u+N5L7bBXeP4IKB6fXkQd6GAZ9zNA2Acdm9lJzCRxcsBYFbRLcRMrPHwAa32w==
  dependencies:
    "@microsoft/recognizers-text" "~1.3.0"
    bignumber.js "^7.2.1"
    lodash.escaperegexp "^4.1.2"
    lodash.sortby "^4.7.0"
    lodash.trimend "^4.5.1"

"@microsoft/recognizers-text-sequence@~1.3.0":
  version "1.3.0"
  resolved "https://registry.yarnpkg.com/@microsoft/recognizers-text-sequence/-/recognizers-text-sequence-1.3.0.tgz#2fedf013ec2d8ed5af6b8923d5aa9b3ec61e1a3e"
  integrity sha512-LXZ9AakClrdPVfEphCJFETjw6n8w/LwW1Yoj9ZKcGI9PGvH6RR+haS4GSZuHeMhEacmaa3NkzD+I44qYIvym8Q==
  dependencies:
    "@microsoft/recognizers-text" "~1.3.0"
    grapheme-splitter "^1.0.2"

"@microsoft/recognizers-text-suite@1.3.0":
  version "1.3.0"
  resolved "https://registry.yarnpkg.com/@microsoft/recognizers-text-suite/-/recognizers-text-suite-1.3.0.tgz#2a6ddd0f1090c5518cbc248b88660d74af44989e"
  integrity sha512-uqG4vzy5N2CmBaeINny0bLdnGp0jDbT1moNoLC+Yim3G8kHOU9lpDfwA6VN6HTYaDM5854SNMEzLjJdS1TPFTw==
  dependencies:
    "@microsoft/recognizers-text" "~1.3.0"
    "@microsoft/recognizers-text-choice" "~1.3.0"
    "@microsoft/recognizers-text-data-types-timex-expression" "~1.3.0"
    "@microsoft/recognizers-text-date-time" "~1.3.0"
    "@microsoft/recognizers-text-number" "~1.3.0"
    "@microsoft/recognizers-text-number-with-unit" "~1.3.0"
    "@microsoft/recognizers-text-sequence" "~1.3.0"

"@microsoft/recognizers-text@~1.3.0":
  version "1.3.0"
  resolved "https://registry.yarnpkg.com/@microsoft/recognizers-text/-/recognizers-text-1.3.0.tgz#8ab05719267a7b15d56718600e6fd53a3d4cc616"
  integrity sha512-0gUhtS/0qSF6veB3Olu55IuJ0Skwg4u1IbJX9KFj1QeK8z6cw69/p637IPD2NgXLlXCy2HEqLvUW/mgbDp3rWg==

"@nlpjs/builtin-duckling@^4.9.3":
  version "4.9.3"
  resolved "https://registry.yarnpkg.com/@nlpjs/builtin-duckling/-/builtin-duckling-4.9.3.tgz#a3a87115d8d608aa330ec0bc8309b6c8ed2e3d10"
  integrity sha512-yzG2tQAgKoCG4CBD1SBSdt7M5TFIQtcsFv1V5HrYgdYUVnavGv/XcMoJCNEquETPbTPbjHfz3Xobg2Q/ByW4VA==
  dependencies:
    "@nlpjs/core" "^4.9.3"

"@nlpjs/builtin-microsoft@^4.9.3":
  version "4.9.3"
  resolved "https://registry.yarnpkg.com/@nlpjs/builtin-microsoft/-/builtin-microsoft-4.9.3.tgz#e8f00aa9842e027096f789ac7b4029416276fc93"
  integrity sha512-y9r4nDIXFrD4p1yHNGPGq8YBgvZoofN/EIzUWV7FBYdPr75X1Gu0h3qED1B++zRaBb6M0zJD/2c/83aTHBNrbQ==
  dependencies:
    "@microsoft/recognizers-text-suite" "1.3.0"
    "@nlpjs/core" "^4.9.3"

"@nlpjs/core-loader@^4.9.3":
  version "4.9.3"
  resolved "https://registry.yarnpkg.com/@nlpjs/core-loader/-/core-loader-4.9.3.tgz#00205457bf1a3fd0eef6a117b23377d654e5c835"
  integrity sha512-QXY3CmB1PaemRctn0fFOnRIvZzqExsH1LNp/s7US66XfPKeJ1zTp3dWsCFculRBvkhtQVzJOMdfeecbxl3FldQ==
  dependencies:
    "@nlpjs/core" "^4.9.3"
    "@nlpjs/request" "^4.6.0"

"@nlpjs/core@^4.9.3":
  version "4.9.3"
  resolved "https://registry.yarnpkg.com/@nlpjs/core/-/core-4.9.3.tgz#a0bd9d276d1e9520ef6e792d814d3b0ed9d82795"
  integrity sha512-JWeusWPjj6Sc3B9phUqSOEhKFZ0pAmNvybAG3Ad0Z+Z22h5DRhvnyrhYcjwtwjsMcI2n1LKXmcerYwqWeIJqdw==

"@nlpjs/emoji@^4.9.3":
  version "4.9.3"
  resolved "https://registry.yarnpkg.com/@nlpjs/emoji/-/emoji-4.9.3.tgz#c92000d6f0b59a1f8b73933e244568fd7f105d6c"
  integrity sha512-ldw+ryxiIGJMKow9Glkll9E3kr0AmyP3wxuxV/xh2QTTNIowQG6J+MY3sz/MI5FaRH3ciuf1Q/j4zae7YwZWDA==
  dependencies:
    "@nlpjs/core" "^4.9.3"

"@nlpjs/evaluator@^4.9.1":
  version "4.9.1"
  resolved "https://registry.yarnpkg.com/@nlpjs/evaluator/-/evaluator-4.9.1.tgz#97d43ac1d11f5fcd6049a1cad05e63e86de5da5a"
  integrity sha512-odlBwuEzxh9YeOuoVcDOe5LaTiMeDaLJGArTdFmwtIR/RLuvJfOOgvI3qNtxYvDF1Np8nPCFaWLpvfvvBII6ew==
  dependencies:
    escodegen "^1.12.0"
    esprima "^4.0.1"

"@nlpjs/lang-all@^4.9.3":
  version "4.9.3"
  resolved "https://registry.yarnpkg.com/@nlpjs/lang-all/-/lang-all-4.9.3.tgz#969613711950d5c425f4eddf5fafed16cd6bab02"
  integrity sha512-LBALpvjuZIDh0xPKYiCxOq3SrSzJxJ5Bp5nXSqdk14y9FZ5HEAhPEK8/0Z3Lt2BoxilFfbKGAmbJdzMdaLLQfQ==
  dependencies:
    "@nlpjs/core" "^4.9.3"
    "@nlpjs/lang-ar" "^4.9.3"
    "@nlpjs/lang-bn" "^4.9.3"
    "@nlpjs/lang-ca" "^4.9.3"
    "@nlpjs/lang-cs" "^4.9.3"
    "@nlpjs/lang-da" "^4.9.3"
    "@nlpjs/lang-de" "^4.9.3"
    "@nlpjs/lang-el" "^4.9.3"
    "@nlpjs/lang-en" "^4.9.3"
    "@nlpjs/lang-es" "^4.9.3"
    "@nlpjs/lang-eu" "^4.9.3"
    "@nlpjs/lang-fa" "^4.9.3"
    "@nlpjs/lang-fi" "^4.9.3"
    "@nlpjs/lang-fr" "^4.9.3"
    "@nlpjs/lang-ga" "^4.9.3"
    "@nlpjs/lang-gl" "^4.9.3"
    "@nlpjs/lang-hi" "^4.9.3"
    "@nlpjs/lang-hu" "^4.9.3"
    "@nlpjs/lang-hy" "^4.9.3"
    "@nlpjs/lang-id" "^4.9.3"
    "@nlpjs/lang-it" "^4.9.3"
    "@nlpjs/lang-ja" "^4.9.3"
    "@nlpjs/lang-ko" "^4.9.3"
    "@nlpjs/lang-lt" "^4.9.3"
    "@nlpjs/lang-ms" "^4.9.3"
    "@nlpjs/lang-ne" "^4.9.3"
    "@nlpjs/lang-nl" "^4.9.3"
    "@nlpjs/lang-no" "^4.9.3"
    "@nlpjs/lang-pl" "^4.9.3"
    "@nlpjs/lang-pt" "^4.9.3"
    "@nlpjs/lang-ro" "^4.9.3"
    "@nlpjs/lang-ru" "^4.9.3"
    "@nlpjs/lang-sl" "^4.9.3"
    "@nlpjs/lang-sr" "^4.9.3"
    "@nlpjs/lang-sv" "^4.9.3"
    "@nlpjs/lang-ta" "^4.9.3"
    "@nlpjs/lang-th" "^4.9.3"
    "@nlpjs/lang-tl" "^4.9.3"
    "@nlpjs/lang-tr" "^4.9.3"
    "@nlpjs/lang-uk" "^4.9.3"
    "@nlpjs/lang-zh" "^4.9.3"

"@nlpjs/lang-ar@^4.9.3":
  version "4.9.3"
  resolved "https://registry.yarnpkg.com/@nlpjs/lang-ar/-/lang-ar-4.9.3.tgz#df938a764af3acc3484736912752ed67829d1c4d"
  integrity sha512-puiCnI8AD7lpXyEpjzRXOVH9iQLDyO77LBTpN8qGpcsCe0scmB+e9cBUB68JRyXSJCPInJIZK1C0YfXX04Vs7w==
  dependencies:
    "@nlpjs/core" "^4.9.3"

"@nlpjs/lang-bn@^4.9.3":
  version "4.9.3"
  resolved "https://registry.yarnpkg.com/@nlpjs/lang-bn/-/lang-bn-4.9.3.tgz#d98937556cb02986b3f4339d3e16dff443df7385"
  integrity sha512-VZAoYcEjs4vlNmTH14m0I78YcXs6ve/JcklEGkp7I/Ur4lRq+l+HyVkL7Yod8yRSzJ4RY/Yd8SO1i1st2bj1Lg==
  dependencies:
    "@nlpjs/core" "^4.9.3"

"@nlpjs/lang-ca@^4.9.3":
  version "4.9.3"
  resolved "https://registry.yarnpkg.com/@nlpjs/lang-ca/-/lang-ca-4.9.3.tgz#c5f355118aedb893ef0ac3b822dc808a04b4b21f"
  integrity sha512-qeZpdNoe+C+6gNF9tA42c9QIoM6zE2f68mp93EauJhBBrL9diImj8Amyu2OdL9FZthj+eyMO7eQY7RlkWpka/g==
  dependencies:
    "@nlpjs/core" "^4.9.3"

"@nlpjs/lang-cs@^4.9.3":
  version "4.9.3"
  resolved "https://registry.yarnpkg.com/@nlpjs/lang-cs/-/lang-cs-4.9.3.tgz#030d085b356a492472af61071afa6db33fc91170"
  integrity sha512-vpi22e9q7tf2J8JyaAUTjDKohqSKE9rkpAE5Ie0ek67uGJLeBuu+CsfA57H9I63HVGQ+zGT2IMEk8uvNcYtOEw==
  dependencies:
    "@nlpjs/core" "^4.9.3"

"@nlpjs/lang-da@^4.9.3":
  version "4.9.3"
  resolved "https://registry.yarnpkg.com/@nlpjs/lang-da/-/lang-da-4.9.3.tgz#bfec5c46aa04496983a811c52120053ac70cb401"
  integrity sha512-9SKs/iEhqr2m6QpkSKtRgYyKBdOEUm38IDGV63DQHPGisbDYA0bKbEOaGxjAc9Onci1h44v5paBuTvIFH3dHtQ==
  dependencies:
    "@nlpjs/core" "^4.9.3"

"@nlpjs/lang-de@^4.9.3":
  version "4.9.3"
  resolved "https://registry.yarnpkg.com/@nlpjs/lang-de/-/lang-de-4.9.3.tgz#5abd208ca3410fb92fa501fbb57f54710bc8e37e"
  integrity sha512-tE07pPQaZ2NND5T6QHBm0nsFkbWko6duejWBSkAYBXbLas8XRgijCMhLArdxbhKuzAeiNulEyR2EfgIEGST8Jw==
  dependencies:
    "@nlpjs/core" "^4.9.3"

"@nlpjs/lang-el@^4.9.3":
  version "4.9.3"
  resolved "https://registry.yarnpkg.com/@nlpjs/lang-el/-/lang-el-4.9.3.tgz#a1c5908a23445f7c49af0ab80edcbe04103f1f14"
  integrity sha512-z7b+gF7mXPBv+r4jnqzMvS52VLe/m0t36UZP1sMTOhy86AGQuCQTewyUQ1Gi7kkT0bZTT8ikMaTmGHjgGUdDew==
  dependencies:
    "@nlpjs/core" "^4.9.3"

"@nlpjs/lang-en-min@^4.9.3":
  version "4.9.3"
  resolved "https://registry.yarnpkg.com/@nlpjs/lang-en-min/-/lang-en-min-4.9.3.tgz#43cdf25740b552e2b309bb63c6d4145dabc06915"
  integrity sha512-c1wz5L7VFu2XAY05z5gWJGP3D7Vcrn9rLcbBivXfSpo6yeMVks+rZX2Om5bKEW/zATleWrM21IK9miWRSJd/uA==
  dependencies:
    "@nlpjs/core" "^4.9.3"

"@nlpjs/lang-en@^4.9.3":
  version "4.9.3"
  resolved "https://registry.yarnpkg.com/@nlpjs/lang-en/-/lang-en-4.9.3.tgz#7f8ec9565a11fb6e0002157a0d1b6cac9dc0a80b"
  integrity sha512-GLPg+vSd0S1vXtMhF5xUlqUjeUBef5tyXVvmn+DKf16VuisTyd+0u3F4T/wcKv7/NsawtA7MvrpSUT2cM8fQFA==
  dependencies:
    "@nlpjs/core" "^4.9.3"
    "@nlpjs/lang-en-min" "^4.9.3"

"@nlpjs/lang-es@^4.9.3":
  version "4.9.3"
  resolved "https://registry.yarnpkg.com/@nlpjs/lang-es/-/lang-es-4.9.3.tgz#a07d70991df9637f1877a5e130dd4279c72b2f52"
  integrity sha512-bT1fFeo+aRbhnZ265JbF8Lg/ObdYOInFUiW8YC8UZsYSzlbBNVYFC+a1goHvAtTbh+lFXXnD5LovCW5wDS3asQ==
  dependencies:
    "@nlpjs/core" "^4.9.3"

"@nlpjs/lang-eu@^4.9.3":
  version "4.9.3"
  resolved "https://registry.yarnpkg.com/@nlpjs/lang-eu/-/lang-eu-4.9.3.tgz#2b3dc10208d25c234483f44495f864da5bfa5c05"
  integrity sha512-MLW7prw5UyBoRRkna6RilDtptp1Ltr7k4tUKMhDg1PvNfSxm2WGgOZZMRHljK7mRTCobKnJqQ0tOpg/SCbKDUg==
  dependencies:
    "@nlpjs/core" "^4.9.3"

"@nlpjs/lang-fa@^4.9.3":
  version "4.9.3"
  resolved "https://registry.yarnpkg.com/@nlpjs/lang-fa/-/lang-fa-4.9.3.tgz#383bc7f424d6dd98707bd9a1fda4e1a31407b208"
  integrity sha512-D+JgJSXQNXUnIZpIhTTTt9j2iZsi6Etbz/qXqb7E/4IE3Jb0/XCln8l45x90KLxqjMn/eIpSJb8myreECV/oPg==
  dependencies:
    "@nlpjs/core" "^4.9.3"

"@nlpjs/lang-fi@^4.9.3":
  version "4.9.3"
  resolved "https://registry.yarnpkg.com/@nlpjs/lang-fi/-/lang-fi-4.9.3.tgz#302ee4ff0b3eaef1ea14e4342d5d829dc8d98067"
  integrity sha512-tJbG1H1hz9Uv4Avrf7bGcLwafwKb1LVjNzlrWtgRm5KDrViGIjNV0eoZVnD2oknIWz/8Euv7lqXi/I7DgolxJQ==
  dependencies:
    "@nlpjs/core" "^4.9.3"

"@nlpjs/lang-fr@^4.9.3":
  version "4.9.3"
  resolved "https://registry.yarnpkg.com/@nlpjs/lang-fr/-/lang-fr-4.9.3.tgz#84c0a360adc279819950ea43591ff2294b26d1fa"
  integrity sha512-Wwo1U0e3qqI9g5QG/8bYYMr4T7aoVFQakXA/QtNHeQxSgEKAUu12o7C2PK45wy7pIvgISaZRJN6i4WR/eoHBpQ==
  dependencies:
    "@nlpjs/core" "^4.9.3"

"@nlpjs/lang-ga@^4.9.3":
  version "4.9.3"
  resolved "https://registry.yarnpkg.com/@nlpjs/lang-ga/-/lang-ga-4.9.3.tgz#75e73aef2ec999cd98f447c2b334df87ebc5e251"
  integrity sha512-4sE/UXhFFSZQtjsXqg6f1CfBf0N7abrJJEONZ3hnQhfFJ21rYC060NhBjstie0HOJVV7Are+dQ3mELxGOrRzLA==
  dependencies:
    "@nlpjs/core" "^4.9.3"

"@nlpjs/lang-gl@^4.9.3":
  version "4.9.3"
  resolved "https://registry.yarnpkg.com/@nlpjs/lang-gl/-/lang-gl-4.9.3.tgz#03e04ce889b23abb2d729763759f132072b4479f"
  integrity sha512-DxaDJSdVheLSeSbgSI1xG6onfkmf/fBCiOvbXIqZ3VajhMRVAlgrX9afpU0rQfqPRUcRYt34u8/PRNG0X5Ahcg==
  dependencies:
    "@nlpjs/core" "^4.9.3"

"@nlpjs/lang-hi@^4.9.3":
  version "4.9.3"
  resolved "https://registry.yarnpkg.com/@nlpjs/lang-hi/-/lang-hi-4.9.3.tgz#8672a2ad55479253ff50e1e10236332f6f974d96"
  integrity sha512-wX0qxHDfNyQzmNCy0oBlYRACRcf3Z9DoQlVWmG++4YD2VRTdZD0dc600kdizkiigQ4vvt4O4ckPstb2WP+PX6w==
  dependencies:
    "@nlpjs/core" "^4.9.3"

"@nlpjs/lang-hu@^4.9.3":
  version "4.9.3"
  resolved "https://registry.yarnpkg.com/@nlpjs/lang-hu/-/lang-hu-4.9.3.tgz#b1e51b3867ac19d4e5998e11fe115dd9e1ad0f1a"
  integrity sha512-x5NSxXVxMGwE6EQlUSw3EZsu0BBVoE7N2uoZL2IYSANwiRc38w+Q8r45TdVLEcRexeRoWMtD4czQ4aoAPv8cig==
  dependencies:
    "@nlpjs/core" "^4.9.3"

"@nlpjs/lang-hy@^4.9.3":
  version "4.9.3"
  resolved "https://registry.yarnpkg.com/@nlpjs/lang-hy/-/lang-hy-4.9.3.tgz#baf6c7b0b0d178b7fb6277790e055a1b4b863b37"
  integrity sha512-4350YLVfsp185tAcnUBOTkAXhw847r1iJXAuWK+/mO/+4mKoxq3J2lMnD8QDfXOvBMr6/vA9PGsxWcs5ZhrX+g==
  dependencies:
    "@nlpjs/core" "^4.9.3"

"@nlpjs/lang-id@^4.9.3":
  version "4.9.3"
  resolved "https://registry.yarnpkg.com/@nlpjs/lang-id/-/lang-id-4.9.3.tgz#945fdd4ab7636a66510f395fee48d965ca95636c"
  integrity sha512-BpEVaOUBnyFzzUwaxvcR2xfqfUNiv68piMhV0dvT7U9xx+8+9ogwfozdMKSdIIu2MbySl/PiNlNG3ivrBZHAiw==
  dependencies:
    "@nlpjs/core" "^4.9.3"

"@nlpjs/lang-it@^4.9.3":
  version "4.9.3"
  resolved "https://registry.yarnpkg.com/@nlpjs/lang-it/-/lang-it-4.9.3.tgz#480e7f19d2fc7f0c06d6c4d84d5e461e0dedeae4"
  integrity sha512-5BGi1u6roOTpEvLjA73D80X52HZkoWZafPIViOdceKZVooYUSDEoeTfUSlftHC4lJU9hZX0rIUeUxuHJgal56A==
  dependencies:
    "@nlpjs/core" "^4.9.3"

"@nlpjs/lang-ja@^4.9.3":
  version "4.9.3"
  resolved "https://registry.yarnpkg.com/@nlpjs/lang-ja/-/lang-ja-4.9.3.tgz#71dcb912c73402bc18cd0fa2a010c6a476bb604f"
  integrity sha512-5A5COUfa0vhzFbw7h3YOFZVx4boNVUWssCW4pdMbQ9ieeJP0pDFso0bGX6TxBk85UXMHJd5WgUyZsWDzIQFY8A==
  dependencies:
    "@nlpjs/core" "^4.9.3"
    kuromoji "^0.1.2"

"@nlpjs/lang-ko@^4.9.3":
  version "4.9.3"
  resolved "https://registry.yarnpkg.com/@nlpjs/lang-ko/-/lang-ko-4.9.3.tgz#fbdb34561ffea137d219bb7ed51abcee9c7cad38"
  integrity sha512-4tfQZzoEX0lkdvAEsr9cKaujkj7iBQjt14+gTcvELaFJrfvQlV9BRsXrF8RzRm3sp+FRqD1QxUeRnugzQvro+g==
  dependencies:
    "@nlpjs/core" "^4.9.3"

"@nlpjs/lang-lt@^4.9.3":
  version "4.9.3"
  resolved "https://registry.yarnpkg.com/@nlpjs/lang-lt/-/lang-lt-4.9.3.tgz#823b29d14c9d14a8c7dce9f7d35a4a7a0b8892e7"
  integrity sha512-kDldMGwHcf7SXfE2BjrZvRFuRfjLBMPmyZoJBtIg9D3OMzp5k5CFBoSfg6/dQA78fLSg2HV5g5LcI3ZocfPCkQ==
  dependencies:
    "@nlpjs/core" "^4.9.3"

"@nlpjs/lang-ms@^4.9.3":
  version "4.9.3"
  resolved "https://registry.yarnpkg.com/@nlpjs/lang-ms/-/lang-ms-4.9.3.tgz#5a0f8a4797c69522d4440faf4d7da679a331a6c4"
  integrity sha512-hGo4E1Wllbd0f0i3tQVDGUGEk0HJQDcyfxfUYsxI41ESIlrw7qwLxf8NeXF6GBDR/0Hn3OfHkGMTq5fYf7MF0A==
  dependencies:
    "@nlpjs/core" "^4.9.3"
    "@nlpjs/lang-id" "^4.9.3"

"@nlpjs/lang-ne@^4.9.3":
  version "4.9.3"
  resolved "https://registry.yarnpkg.com/@nlpjs/lang-ne/-/lang-ne-4.9.3.tgz#de19461b381d505a2b5da4b3767eabb1376da61e"
  integrity sha512-K/U+TELRN5fzEXkDLoNxmspIgWWGl3DaPX1c5b6AXY6mAyJ/XqdVHoLaa2Nu5fhibGqQwupgOTliufz8yxmDXw==
  dependencies:
    "@nlpjs/core" "^4.9.3"

"@nlpjs/lang-nl@^4.9.3":
  version "4.9.3"
  resolved "https://registry.yarnpkg.com/@nlpjs/lang-nl/-/lang-nl-4.9.3.tgz#db9eed2998da9a9f952602baf03331e867112285"
  integrity sha512-0lIV/DN1/0qHcCCU2bjnvClHB62irQnFSfDzmNxNJAlg3XF2aL4ZlAmaMFVz6DXYHk19dhMlPxDDqyybsZMxZA==
  dependencies:
    "@nlpjs/core" "^4.9.3"

"@nlpjs/lang-no@^4.9.3":
  version "4.9.3"
  resolved "https://registry.yarnpkg.com/@nlpjs/lang-no/-/lang-no-4.9.3.tgz#ff5741f1b0f0bcdd9c1726c619900d6a5f56e2c4"
  integrity sha512-VTf33Uv2PMBU7MDM9Lcw0d2J7YDLNvVALSHynbrAbu6/zUD6s+6h7S4mC8qLoyFybv20YM68tSB2jZQ9dGHtYA==
  dependencies:
    "@nlpjs/core" "^4.9.3"

"@nlpjs/lang-pl@^4.9.3":
  version "4.9.3"
  resolved "https://registry.yarnpkg.com/@nlpjs/lang-pl/-/lang-pl-4.9.3.tgz#2c71c34660491e70083a4268a11259902d62a776"
  integrity sha512-vXhyHcHsgcme0xessOQBGusiqxYGflmBirMzM04N8W2ukTRctOf6k5E77qFOcAq00D0CnAKY9byJWqxbYErc4Q==
  dependencies:
    "@nlpjs/core" "^4.9.3"

"@nlpjs/lang-pt@^4.9.3":
  version "4.9.3"
  resolved "https://registry.yarnpkg.com/@nlpjs/lang-pt/-/lang-pt-4.9.3.tgz#d5a9dc75cda3be22ebfdf54a1f358e6f9c8d615c"
  integrity sha512-qF0rgxj1e9iHA1lG8EJXnk0JxEfcGGN7AN5OQM5FyDYwgyHhCGoZhgedoL2OLXxblCtXKMHdPqsD/GoRHx4EUg==
  dependencies:
    "@nlpjs/core" "^4.9.3"

"@nlpjs/lang-ro@^4.9.3":
  version "4.9.3"
  resolved "https://registry.yarnpkg.com/@nlpjs/lang-ro/-/lang-ro-4.9.3.tgz#9b2a65501064c728817c9899de2aea6387137df3"
  integrity sha512-utQNq+s/TLFv+lM9R0a0aHzEam8gKatTedW3aB4MiFlgaQV4owRbxNPqMLFp0ASgy5HD0pEy7YgSd+KMLKqN6w==
  dependencies:
    "@nlpjs/core" "^4.9.3"

"@nlpjs/lang-ru@^4.9.3":
  version "4.9.3"
  resolved "https://registry.yarnpkg.com/@nlpjs/lang-ru/-/lang-ru-4.9.3.tgz#fec3f65e3c676014d214f2ee7910a23d8c063c7e"
  integrity sha512-PMLlp/KwsdCUQMqeJtXDdFzzsA2qkWPrGqpvMJvJMquM8XWj6TCnJP0zv69AU6FXyWYVzirt+kSGzMrbpQCWXw==
  dependencies:
    "@nlpjs/core" "^4.9.3"

"@nlpjs/lang-sl@^4.9.3":
  version "4.9.3"
  resolved "https://registry.yarnpkg.com/@nlpjs/lang-sl/-/lang-sl-4.9.3.tgz#cd5b71a25414bd3005425c86ac5b5579b3251250"
  integrity sha512-/gu5kUUSCj0I76z4uER0tZAIaGgkGv0e0N4va2f0wPA2HhZDR33NLjDTrr6fvVZ4RXC3CpqMTq5lgCeGhb5EQg==
  dependencies:
    "@nlpjs/core" "^4.9.3"

"@nlpjs/lang-sr@^4.9.3":
  version "4.9.3"
  resolved "https://registry.yarnpkg.com/@nlpjs/lang-sr/-/lang-sr-4.9.3.tgz#370b6c98d860639e362d5a629c9d25631f887106"
  integrity sha512-rvqBtT9oufsP53wdINE+/Uc79Sfq/5EPicDrNsReeh3smNhK/oMdtImqKXpyxpjexR7F8d5a8X+nU6N7LfM7Zg==
  dependencies:
    "@nlpjs/core" "^4.9.3"

"@nlpjs/lang-sv@^4.9.3":
  version "4.9.3"
  resolved "https://registry.yarnpkg.com/@nlpjs/lang-sv/-/lang-sv-4.9.3.tgz#f61ddb39951595bc2a2ded2a67c9ee61211b5d7a"
  integrity sha512-ARRn2Ie80D16Vi4o8RIhpVIDK6Z0LB+mxNAReQQvyd2papkMl54i6jn6xhD2Pyra9lHgOL3cijqlLY1zuo4b3g==
  dependencies:
    "@nlpjs/core" "^4.9.3"

"@nlpjs/lang-ta@^4.9.3":
  version "4.9.3"
  resolved "https://registry.yarnpkg.com/@nlpjs/lang-ta/-/lang-ta-4.9.3.tgz#b2a132bc43b350c50b8516071822aa358ad4b3c3"
  integrity sha512-YvXxEWlocPORvd0QXgtPu6Ybcb7Bx7ZA6RVaBxkeKjzsb/mFE41clX1MEh24Sf8qydhyyjes2grvMi9uJe9AZg==
  dependencies:
    "@nlpjs/core" "^4.9.3"

"@nlpjs/lang-th@^4.9.3":
  version "4.9.3"
  resolved "https://registry.yarnpkg.com/@nlpjs/lang-th/-/lang-th-4.9.3.tgz#665c1d91d9392e1d379ee3693d686c8e94e2484a"
  integrity sha512-Gf/DUu/XHA+8JimEciyDnfwa9nbBncnT5Wi+VLfnyF+oOVH9U7ecskFd4A5oytVjLGsU+F9TgC9CEocG1Jslyg==
  dependencies:
    "@nlpjs/core" "^4.9.3"

"@nlpjs/lang-tl@^4.9.3":
  version "4.9.3"
  resolved "https://registry.yarnpkg.com/@nlpjs/lang-tl/-/lang-tl-4.9.3.tgz#ebea3c83c1f260ce89b59ce8121c55e91f9fd8c4"
  integrity sha512-mPo5lkbiPIfAbGwnQtQQfi3cZ2MB4w/R4n+7W8JjnhVXtWIGw2oEaFxSEmCbe1/Q4Z7B4suHeq+Ndh0dTVFsBg==
  dependencies:
    "@nlpjs/core" "^4.9.3"

"@nlpjs/lang-tr@^4.9.3":
  version "4.9.3"
  resolved "https://registry.yarnpkg.com/@nlpjs/lang-tr/-/lang-tr-4.9.3.tgz#c9924eea9a700d3fb7034c32f80a6cfa2404d967"
  integrity sha512-ckuCCe5e4B0fb6pX5cv8s076hVrFAyYa6WlCwx+f3gcBkiQUd4h/92AsqffGLLuxVTUjlggma9cMYrccbqNxrg==
  dependencies:
    "@nlpjs/core" "^4.9.3"

"@nlpjs/lang-uk@^4.9.3":
  version "4.9.3"
  resolved "https://registry.yarnpkg.com/@nlpjs/lang-uk/-/lang-uk-4.9.3.tgz#3d8333c19ff3aadfd61cf181adaa3c8833a9d355"
  integrity sha512-XzQTeTfcV0gFmGXjrjy+XdeInE3yR6EgXG71Xq4sxCgM2DQnCz1FcCiYD/tYlPwEzilEX9FevRBGpBYDOvvuug==
  dependencies:
    "@nlpjs/core" "^4.9.3"

"@nlpjs/lang-zh@^4.9.3":
  version "4.9.3"
  resolved "https://registry.yarnpkg.com/@nlpjs/lang-zh/-/lang-zh-4.9.3.tgz#80cb08f11f349c4f0dbb71591f09c34c193c0809"
  integrity sha512-Kz84A3+8BWBSGPxuvYLrl0RHIUI5NnDxuBtr8Ae+IdxPT+0y4xA9UOm6yEJnZoqAuqeDe2POd2j7DUftf4+o2Q==
  dependencies:
    "@nlpjs/core" "^4.9.3"

"@nlpjs/language-min@^4.6.0":
  version "4.6.0"
  resolved "https://registry.yarnpkg.com/@nlpjs/language-min/-/language-min-4.6.0.tgz#6ad4a72cb99ac4674fa9a7c120ed7037b7c5eecf"
  integrity sha512-WuWv7oCih/Eajj//A7kCn6Q6AelQEvwY7clF2M9bolXujLjh/J0GLE7sGnau8gmV5LdN4ZVbiNUpqdaz1F63ow==

"@nlpjs/language@^4.6.0":
  version "4.6.0"
  resolved "https://registry.yarnpkg.com/@nlpjs/language/-/language-4.6.0.tgz#f89a86a8bbfa39fca987566d44130655b0b7241d"
  integrity sha512-+InhOhKvQf0nNcYIURSs2cwY9GFUoAjpQnXzQuzDH27oID1qxKfLAqEZ8ep/oeA569RK7Uh0UaSf4cRAGv1NaQ==

"@nlpjs/ner@^4.9.3":
  version "4.9.3"
  resolved "https://registry.yarnpkg.com/@nlpjs/ner/-/ner-4.9.3.tgz#2502cb3dd3bc778410a2b8d3530bf653d6ae8d88"
  integrity sha512-oGrjpZT7gnEuOekNKLp/xcNVC1KiWBbU1hG4Z9ebVACv5Fw8TBxm/kR9kDfZjCvFe44VnaeDRDfG8FnrxzvEGQ==
  dependencies:
    "@nlpjs/core" "^4.9.3"
    "@nlpjs/language-min" "^4.6.0"
    "@nlpjs/similarity" "^4.9.1"

"@nlpjs/neural@^4.9.3":
  version "4.9.3"
  resolved "https://registry.yarnpkg.com/@nlpjs/neural/-/neural-4.9.3.tgz#67e35262c9a8c32ef77076bb5da485965bfb6bee"
  integrity sha512-8pZeBk1AlCLOMFZuj1iLUZk7/qvPFyNlBzV2UwXcM3Dfsq7sHPdNSX5Z6ZezmsBkhvffvm8J7iklT8YogAPjXw==
  dependencies:
    "@nlpjs/core" "^4.9.3"

"@nlpjs/nlg@^4.9.3":
  version "4.9.3"
  resolved "https://registry.yarnpkg.com/@nlpjs/nlg/-/nlg-4.9.3.tgz#172f6f96bc2b9ab23d823d008ab97c40ee5271ba"
  integrity sha512-K+Ofj75Ym4qfRzWXeplYnKwOo8m5EGDNiall/6hJju5GyOHONXQJ5Gq5HcI2Ys9hBJkmjMFka21G9A4r15AFAQ==
  dependencies:
    "@nlpjs/core" "^4.9.3"

"@nlpjs/nlp@^4.9.3":
  version "4.9.3"
  resolved "https://registry.yarnpkg.com/@nlpjs/nlp/-/nlp-4.9.3.tgz#200d705547b444a64d11f406a1aafd65f179e933"
  integrity sha512-OST8efdYOOCNBZL/I6/3gBjvODyFi8UGxlDRCUdHP2VqaBOQCU5asyLTnypFN7jBZshkjGk/X5rFMSkGCIVSww==
  dependencies:
    "@nlpjs/core" "^4.9.3"
    "@nlpjs/ner" "^4.9.3"
    "@nlpjs/nlg" "^4.9.3"
    "@nlpjs/nlu" "^4.9.3"
    "@nlpjs/sentiment" "^4.9.3"
    "@nlpjs/slot" "^4.9.2"

"@nlpjs/nlu@^4.9.3":
  version "4.9.3"
  resolved "https://registry.yarnpkg.com/@nlpjs/nlu/-/nlu-4.9.3.tgz#f4876143c53bd19f599bdf5a8d027adbef410745"
  integrity sha512-DPEmLOoQhsCEwmxiw3LsAO0UTcZjCDKdD7jADGqQvPyYmw4+/LUCdLHE4jLRV41YUXS1Q5XAaB+X1OYs88b9WQ==
  dependencies:
    "@nlpjs/core" "^4.9.3"
    "@nlpjs/language-min" "^4.6.0"
    "@nlpjs/neural" "^4.9.3"
    "@nlpjs/similarity" "^4.9.1"

"@nlpjs/request@^4.6.0":
  version "4.6.0"
  resolved "https://registry.yarnpkg.com/@nlpjs/request/-/request-4.6.0.tgz#0ec0a283ebef22ad3463e93ce0e210b76802906f"
  integrity sha512-ZG5a1B5s9luAB9UB9h8gQc0xaeUii9sf3MjRhPi+6HHumUMi9i0dRxKIGJvRPEwyGr7ECN9/SdVQFtvdIZS15g==
  dependencies:
    https-proxy-agent "^5.0.0"

"@nlpjs/sentiment@^4.9.3":
  version "4.9.3"
  resolved "https://registry.yarnpkg.com/@nlpjs/sentiment/-/sentiment-4.9.3.tgz#13c7afe6d4fedec392f897a5191992a350637445"
  integrity sha512-eOGf06MhBeF+ZxCxr4r/iVTvMXkEdX6UQi/OxopcBPDSNAxjFHQqZT2VGtXIBvfPSg1JwawuWkJav/XNKQ9f3Q==
  dependencies:
    "@nlpjs/core" "^4.9.3"
    "@nlpjs/language-min" "^4.6.0"
    "@nlpjs/neural" "^4.9.3"

"@nlpjs/similarity@^4.9.1":
  version "4.9.1"
  resolved "https://registry.yarnpkg.com/@nlpjs/similarity/-/similarity-4.9.1.tgz#7238dace28b4f17bd357d245589e2a4b2776dc89"
  integrity sha512-SNCgXzziQRE04sbKjILJCRlB0LP+/lqpCvY9yE+muDFfutTWcVBdw9FrOpR12rMB1YmrdzgiC+/Zux9olir12A==

"@nlpjs/slot@^4.9.2":
  version "4.9.2"
  resolved "https://registry.yarnpkg.com/@nlpjs/slot/-/slot-4.9.2.tgz#31ca1fc453a61ab635773afec676dbd238cb7b34"
  integrity sha512-52XRjkxktF62QErwNKZBb/JEaUUXVJmQHxJlHocl2NZ6YhDAt1kY2/YnoPgnpupem58YoLeNnMpFt4AzbojIhA==

"@nlpjs/xtables@^4.8.1":
  version "4.8.1"
  resolved "https://registry.yarnpkg.com/@nlpjs/xtables/-/xtables-4.8.1.tgz#2753f0959484c1c59abc7163524dc177a7cd6af9"
  integrity sha512-N8K0+zgHdjdiu1frhTc4bK88u7tpGWvV/AUpBMODM5a0itc7ZyzIM2civevpxW1tTMDqOfDyDqBHR1O1U+M9Jw==
  dependencies:
    xlsx "^0.16.2"

abort-controller@^3.0.0:
  version "3.0.0"
  resolved "https://registry.yarnpkg.com/abort-controller/-/abort-controller-3.0.0.tgz#eaf54d53b62bae4138e809ca225c8439a6efb392"
  integrity sha512-h8lQ8tacZYnR3vNQTgibj+tODHI5/+l06Au2Pcriv/Gmet0eaj4TwWH41sO9wnHDiQsEj19q0drzdWdeAHtweg==
  dependencies:
    event-target-shim "^5.0.0"

adler-32@~1.2.0:
  version "1.2.0"
  resolved "https://registry.yarnpkg.com/adler-32/-/adler-32-1.2.0.tgz#6a3e6bf0a63900ba15652808cb15c6813d1a5f25"
  integrity sha1-aj5r8KY5ALoVZSgIyxXGgT0aXyU=
  dependencies:
    exit-on-epipe "~1.0.1"
    printj "~1.1.0"

agent-base@6:
  version "6.0.1"
  resolved "https://registry.yarnpkg.com/agent-base/-/agent-base-6.0.1.tgz#808007e4e5867decb0ab6ab2f928fbdb5a596db4"
  integrity sha512-01q25QQDwLSsyfhrKbn8yuur+JNw0H+0Y4JiGIKd3z9aYk/w/2kxD/Upc+t2ZBBSUNff50VjPsSW2YxM8QYKVg==
  dependencies:
    debug "4"

async@^2.0.1:
  version "2.6.3"
  resolved "https://registry.yarnpkg.com/async/-/async-2.6.3.tgz#d72625e2344a3656e3a3ad4fa749fa83299d82ff"
  integrity sha512-zflvls11DCy+dQWzTW2dzuilv8Z5X/pjfmZOWba6TNIVDm+2UDaJmXSOXlasHKfNBs8oo3M0aT50fDEWfKZjXg==
  dependencies:
    lodash "^4.17.14"

asynckit@^0.4.0:
  version "0.4.0"
  resolved "https://registry.yarnpkg.com/asynckit/-/asynckit-0.4.0.tgz#c79ed97f7f34cb8f2ba1bc9790bcc366474b4b79"
  integrity sha1-x57Zf380y48robyXkLzDZkdLS3k=

bignumber.js@^7.2.1:
  version "7.2.1"
  resolved "https://registry.yarnpkg.com/bignumber.js/-/bignumber.js-7.2.1.tgz#80c048759d826800807c4bfd521e50edbba57a5f"
  integrity sha512-S4XzBk5sMB+Rcb/LNcpzXr57VRTxgAvaAEDAl1AwRx27j00hT84O6OkteE7u8UB3NuaaygCRrEpqox4uDOrbdQ==

cfb@^1.1.4:
  version "1.2.0"
  resolved "https://registry.yarnpkg.com/cfb/-/cfb-1.2.0.tgz#6a4d0872b525ed60349e1ef51fb4b0bf73eca9a8"
  integrity sha512-sXMvHsKCICVR3Naq+J556K+ExBo9n50iKl6LGarlnvuA2035uMlGA/qVrc0wQtow5P1vJEw9UyrKLCbtIKz+TQ==
  dependencies:
    adler-32 "~1.2.0"
    crc-32 "~1.2.0"
    printj "~1.1.2"

codepage@~1.14.0:
  version "1.14.0"
  resolved "https://registry.yarnpkg.com/codepage/-/codepage-1.14.0.tgz#8cbe25481323559d7d307571b0fff91e7a1d2f99"
  integrity sha1-jL4lSBMjVZ19MHVxsP/5HnodL5k=
  dependencies:
    commander "~2.14.1"
    exit-on-epipe "~1.0.1"

combined-stream@^1.0.8:
  version "1.0.8"
  resolved "https://registry.yarnpkg.com/combined-stream/-/combined-stream-1.0.8.tgz#c3d45a8b34fd730631a110a8a2520682b31d5a7f"
  integrity sha512-FQN4MRfuJeHf7cBbBMJFXhKSDq+2kAArBlmRBvcvFE5BB1HZKXtSFASDhdlz9zOYwxh8lDdnvmMOe/+5cdoEdg==
  dependencies:
    delayed-stream "~1.0.0"

commander@~2.14.1:
  version "2.14.1"
  resolved "https://registry.yarnpkg.com/commander/-/commander-2.14.1.tgz#2235123e37af8ca3c65df45b026dbd357b01b9aa"
  integrity sha512-+YR16o3rK53SmWHU3rEM3tPAh2rwb1yPcQX5irVn7mb0gXbwuCCrnkbV5+PBfETdfg1vui07nM6PCG1zndcjQw==

commander@~2.17.1:
  version "2.17.1"
  resolved "https://registry.yarnpkg.com/commander/-/commander-2.17.1.tgz#bd77ab7de6de94205ceacc72f1716d29f20a77bf"
  integrity sha512-wPMUt6FnH2yzG95SA6mzjQOEKUU3aLaDEmzs1ti+1E9h+CsrZghRlqEM/EJ4KscsQVG8uNN4uVreUeT8+drlgg==

crc-32@~1.2.0:
  version "1.2.0"
  resolved "https://registry.yarnpkg.com/crc-32/-/crc-32-1.2.0.tgz#cb2db6e29b88508e32d9dd0ec1693e7b41a18208"
  integrity sha512-1uBwHxF+Y/4yF5G48fwnKq6QsIXheor3ZLPT80yGBV1oEUwpPojlEhQbWKVw1VwcTQyMGHK1/XMmTjmlsmTTGA==
  dependencies:
    exit-on-epipe "~1.0.1"
    printj "~1.1.0"

debug@4:
  version "4.1.1"
  resolved "https://registry.yarnpkg.com/debug/-/debug-4.1.1.tgz#3b72260255109c6b589cee050f1d516139664791"
  integrity sha512-pYAIzeRo8J6KPEaJ0VWOh5Pzkbw/RetuzehGM7QRRX5he4fPHx2rdKMB256ehJCkX+XRQm16eZLqLNS8RSZXZw==
  dependencies:
    ms "^2.1.1"

deep-is@~0.1.3:
  version "0.1.3"
  resolved "https://registry.yarnpkg.com/deep-is/-/deep-is-0.1.3.tgz#b369d6fb5dbc13eecf524f91b070feedc357cf34"
  integrity sha1-s2nW+128E+7PUk+RsHD+7cNXzzQ=

delayed-stream@~1.0.0:
  version "1.0.0"
  resolved "https://registry.yarnpkg.com/delayed-stream/-/delayed-stream-1.0.0.tgz#df3ae199acadfb7d440aaae0b29e2272b24ec619"
  integrity sha1-3zrhmayt+31ECqrgsp4icrJOxhk=

discord.js@^12.2.0:
  version "12.2.0"
  resolved "https://registry.yarnpkg.com/discord.js/-/discord.js-12.2.0.tgz#31018732e42a495c92655055192221eab2ad11a9"
  integrity sha512-Ueb/0SOsxXyqwvwFYFe0msMrGqH1OMqpp2Dpbplnlr4MzcRrFWwsBM9gKNZXPVBHWUKiQkwU8AihXBXIvTTSvg==
  dependencies:
    "@discordjs/collection" "^0.1.5"
    "@discordjs/form-data" "^3.0.1"
    abort-controller "^3.0.0"
    node-fetch "^2.6.0"
    prism-media "^1.2.0"
    setimmediate "^1.0.5"
    tweetnacl "^1.0.3"
    ws "^7.2.1"

doublearray@0.0.2:
  version "0.0.2"
  resolved "https://registry.yarnpkg.com/doublearray/-/doublearray-0.0.2.tgz#63186fe8d34413276d3621f6aa0ec5f79e227ef9"
  integrity sha1-Yxhv6NNEEydtNiH2qg7F954ifvk=

escodegen@^1.12.0:
  version "1.12.1"
  resolved "https://registry.yarnpkg.com/escodegen/-/escodegen-1.12.1.tgz#08770602a74ac34c7a90ca9229e7d51e379abc76"
  integrity sha512-Q8t2YZ+0e0pc7NRVj3B4tSQ9rim1oi4Fh46k2xhJ2qOiEwhQfdjyEQddWdj7ZFaKmU+5104vn1qrcjEPWq+bgQ==
  dependencies:
    esprima "^3.1.3"
    estraverse "^4.2.0"
    esutils "^2.0.2"
    optionator "^0.8.1"
  optionalDependencies:
    source-map "~0.6.1"

esprima@^3.1.3:
  version "3.1.3"
  resolved "https://registry.yarnpkg.com/esprima/-/esprima-3.1.3.tgz#fdca51cee6133895e3c88d535ce49dbff62a4633"
  integrity sha1-/cpRzuYTOJXjyI1TXOSdv/YqRjM=

esprima@^4.0.1:
  version "4.0.1"
  resolved "https://registry.yarnpkg.com/esprima/-/esprima-4.0.1.tgz#13b04cdb3e6c5d19df91ab6987a8695619b0aa71"
  integrity sha512-eGuFFw7Upda+g4p+QHvnW0RyTX/SVeJBDM/gCtMARO0cLuT2HcEKnTPvhjV6aGeqrCB/sbNop0Kszm0jsaWU4A==

estraverse@^4.2.0:
  version "4.3.0"
  resolved "https://registry.yarnpkg.com/estraverse/-/estraverse-4.3.0.tgz#398ad3f3c5a24948be7725e83d11a7de28cdbd1d"
  integrity sha512-39nnKffWz8xN1BU/2c79n9nB9HDzo0niYUqx6xyqUnyoAnQyyWpOTdZEeiCch8BBu515t4wp9ZmgVfVhn9EBpw==

esutils@^2.0.2:
  version "2.0.3"
  resolved "https://registry.yarnpkg.com/esutils/-/esutils-2.0.3.tgz#74d2eb4de0b8da1293711910d50775b9b710ef64"
  integrity sha512-kVscqXk4OCp68SZ0dkgEKVi6/8ij300KBWTJq32P/dYeWTSwK41WyTxalN1eRmA5Z9UU/LX9D7FWSmV9SAYx6g==

event-target-shim@^5.0.0:
  version "5.0.1"
  resolved "https://registry.yarnpkg.com/event-target-shim/-/event-target-shim-5.0.1.tgz#5d4d3ebdf9583d63a5333ce2deb7480ab2b05789"
  integrity sha512-i/2XbnSz/uxRCU6+NdVJgKWDTM427+MqYbkQzD321DuCQJUqOuJKIA0IM2+W2xtYHdKOmZ4dR6fExsd4SXL+WQ==

exit-on-epipe@~1.0.1:
  version "1.0.1"
  resolved "https://registry.yarnpkg.com/exit-on-epipe/-/exit-on-epipe-1.0.1.tgz#0bdd92e87d5285d267daa8171d0eb06159689692"
  integrity sha512-h2z5mrROTxce56S+pnvAV890uu7ls7f1kEvVGJbw1OlFH3/mlJ5bkXu0KRyW94v37zzHPiUd55iLn3DA7TjWpw==

fast-levenshtein@~2.0.6:
  version "2.0.6"
  resolved "https://registry.yarnpkg.com/fast-levenshtein/-/fast-levenshtein-2.0.6.tgz#3d8a5c66883a16a30ca8643e851f19baa7797917"
  integrity sha1-PYpcZog6FqMMqGQ+hR8Zuqd5eRc=

frac@~1.1.2:
  version "1.1.2"
  resolved "https://registry.yarnpkg.com/frac/-/frac-1.1.2.tgz#3d74f7f6478c88a1b5020306d747dc6313c74d0b"
  integrity sha512-w/XBfkibaTl3YDqASwfDUqkna4Z2p9cFSr1aHDt0WoMTECnRfBOv2WArlZILlqgWlmdIlALXGpM2AOhEk5W3IA==

grapheme-splitter@^1.0.2:
  version "1.0.4"
  resolved "https://registry.yarnpkg.com/grapheme-splitter/-/grapheme-splitter-1.0.4.tgz#9cf3a665c6247479896834af35cf1dbb4400767e"
  integrity sha512-bzh50DW9kTPM00T8y4o8vQg89Di9oLJVLW/KaOGIXJWP/iqCN6WKYkbNOF04vFLJhwcpYUh9ydh/+5vpOqV4YQ==

https-proxy-agent@^5.0.0:
  version "5.0.0"
  resolved "https://registry.yarnpkg.com/https-proxy-agent/-/https-proxy-agent-5.0.0.tgz#e2a90542abb68a762e0a0850f6c9edadfd8506b2"
  integrity sha512-EkYm5BcKUGiduxzSt3Eppko+PiNWNEpa4ySk9vTC6wDsQJW9rHSa+UhGNJoRYp7bz6Ht1eaRIa6QaJqO5rCFbA==
  dependencies:
    agent-base "6"
    debug "4"

kuromoji@^0.1.2:
  version "0.1.2"
  resolved "https://registry.yarnpkg.com/kuromoji/-/kuromoji-0.1.2.tgz#293f0d6706df006112137980588d5daac26d0790"
  integrity sha512-V0dUf+C2LpcPEXhoHLMAop/bOht16Dyr+mDiIE39yX3vqau7p80De/koFqpiTcL1zzdZlc3xuHZ8u5gjYRfFaQ==
  dependencies:
    async "^2.0.1"
    doublearray "0.0.2"
    zlibjs "^0.3.1"

levn@~0.3.0:
  version "0.3.0"
  resolved "https://registry.yarnpkg.com/levn/-/levn-0.3.0.tgz#3b09924edf9f083c0490fdd4c0bc4421e04764ee"
  integrity sha1-OwmSTt+fCDwEkP3UwLxEIeBHZO4=
  dependencies:
    prelude-ls "~1.1.2"
    type-check "~0.3.2"

lodash.escaperegexp@^4.1.2:
  version "4.1.2"
  resolved "https://registry.yarnpkg.com/lodash.escaperegexp/-/lodash.escaperegexp-4.1.2.tgz#64762c48618082518ac3df4ccf5d5886dae20347"
  integrity sha1-ZHYsSGGAglGKw99Mz11YhtriA0c=

lodash.isequal@^4.5.0:
  version "4.5.0"
  resolved "https://registry.yarnpkg.com/lodash.isequal/-/lodash.isequal-4.5.0.tgz#415c4478f2bcc30120c22ce10ed3226f7d3e18e0"
  integrity sha1-QVxEePK8wwEgwizhDtMib30+GOA=

lodash.last@^3.0.0:
  version "3.0.0"
  resolved "https://registry.yarnpkg.com/lodash.last/-/lodash.last-3.0.0.tgz#242f663112dd4c6e63728c60a3c909d1bdadbd4c"
  integrity sha1-JC9mMRLdTG5jcoxgo8kJ0b2tvUw=

lodash.max@^4.0.1:
  version "4.0.1"
  resolved "https://registry.yarnpkg.com/lodash.max/-/lodash.max-4.0.1.tgz#8735566c618b35a9f760520b487ae79658af136a"
  integrity sha1-hzVWbGGLNan3YFILSHrnllivE2o=

lodash.sortby@^4.7.0:
  version "4.7.0"
  resolved "https://registry.yarnpkg.com/lodash.sortby/-/lodash.sortby-4.7.0.tgz#edd14c824e2cc9c1e0b0a1b42bb5210516a42438"
  integrity sha1-7dFMgk4sycHgsKG0K7UhBRakJDg=

lodash.tonumber@^4.0.3:
  version "4.0.3"
  resolved "https://registry.yarnpkg.com/lodash.tonumber/-/lodash.tonumber-4.0.3.tgz#0b96b31b35672793eb7f5a63ee791f1b9e9025d9"
  integrity sha1-C5azGzVnJ5Prf1pj7nkfG56QJdk=

lodash.trimend@^4.5.1:
  version "4.5.1"
  resolved "https://registry.yarnpkg.com/lodash.trimend/-/lodash.trimend-4.5.1.tgz#12804437286b98cad8996b79414e11300114082f"
  integrity sha1-EoBENyhrmMrYmWt5QU4RMAEUCC8=

lodash@^4.17.14:
  version "4.17.15"
  resolved "https://registry.yarnpkg.com/lodash/-/lodash-4.17.15.tgz#b447f6670a0455bbfeedd11392eff330ea097548"
  integrity sha512-8xOcRHvCjnocdS5cpwXQXVzmmh5e5+saE2QGoeQmbKmRS6J3VQppPOIt0MnmE+4xlZoumy0GPG0D0MVIQbNA1A==

mime-db@1.44.0:
  version "1.44.0"
  resolved "https://registry.yarnpkg.com/mime-db/-/mime-db-1.44.0.tgz#fa11c5eb0aca1334b4233cb4d52f10c5a6272f92"
  integrity sha512-/NOTfLrsPBVeH7YtFPgsVWveuL+4SjjYxaQ1xtM1KMFj7HdxlBlxeyNLzhyJVx7r4rZGJAZ/6lkKCitSc/Nmpg==

mime-types@^2.1.12:
  version "2.1.27"
  resolved "https://registry.yarnpkg.com/mime-types/-/mime-types-2.1.27.tgz#47949f98e279ea53119f5722e0f34e529bec009f"
  integrity sha512-JIhqnCasI9yD+SsmkquHBxTSEuZdQX5BuQnS2Vc7puQQQ+8yiP5AY5uWhpdv4YL4VM5c6iliiYWPgJ/nJQLp7w==
  dependencies:
    mime-db "1.44.0"

ms@^2.1.1:
  version "2.1.2"
  resolved "https://registry.yarnpkg.com/ms/-/ms-2.1.2.tgz#d09d1f357b443f493382a8eb3ccd183872ae6009"
  integrity sha512-sGkPx+VjMtmA6MX27oA4FBFELFCZZ4S4XqeGOXCv68tT+jb3vk/RyaKWP0PTKyWtmLSM0b+adUTEvbs1PEaH2w==

node-fetch@^2.6.0:
  version "2.6.0"
  resolved "https://registry.yarnpkg.com/node-fetch/-/node-fetch-2.6.0.tgz#e633456386d4aa55863f676a7ab0daa8fdecb0fd"
  integrity sha512-8dG4H5ujfvFiqDmVu9fQ5bOHUC15JMjMY/Zumv26oOvvVJjM67KF8koCWIabKQ1GJIa9r2mMZscBq/TbdOcmNA==

node-nlp@^4.9.3:
  version "4.9.3"
  resolved "https://registry.yarnpkg.com/node-nlp/-/node-nlp-4.9.3.tgz#d7a78937e977ae2b2f3d76e09de3642601c794a4"
  integrity sha512-MjM2Qm2/822bUeXinotThjt8ts+CRL43LdtmPtKn4VNcVEHTqvdLHd8BOlyQReM+RYOktdwyf8iD6Pp3V5Scrg==
  dependencies:
    "@nlpjs/builtin-duckling" "^4.9.3"
    "@nlpjs/builtin-microsoft" "^4.9.3"
    "@nlpjs/core-loader" "^4.9.3"
    "@nlpjs/emoji" "^4.9.3"
    "@nlpjs/evaluator" "^4.9.1"
    "@nlpjs/lang-all" "^4.9.3"
    "@nlpjs/language" "^4.6.0"
    "@nlpjs/neural" "^4.9.3"
    "@nlpjs/nlg" "^4.9.3"
    "@nlpjs/nlp" "^4.9.3"
    "@nlpjs/nlu" "^4.9.3"
    "@nlpjs/request" "^4.6.0"
    "@nlpjs/sentiment" "^4.9.3"
    "@nlpjs/similarity" "^4.9.1"
    "@nlpjs/xtables" "^4.8.1"

optionator@^0.8.1:
  version "0.8.3"
  resolved "https://registry.yarnpkg.com/optionator/-/optionator-0.8.3.tgz#84fa1d036fe9d3c7e21d99884b601167ec8fb495"
  integrity sha512-+IW9pACdk3XWmmTXG8m3upGUJst5XRGzxMRjXzAuJ1XnIFNvfhjjIuYkDvysnPQ7qzqVzLt78BCruntqRhWQbA==
  dependencies:
    deep-is "~0.1.3"
    fast-levenshtein "~2.0.6"
    levn "~0.3.0"
    prelude-ls "~1.1.2"
    type-check "~0.3.2"
    word-wrap "~1.2.3"

prelude-ls@~1.1.2:
  version "1.1.2"
  resolved "https://registry.yarnpkg.com/prelude-ls/-/prelude-ls-1.1.2.tgz#21932a549f5e52ffd9a827f570e04be62a97da54"
  integrity sha1-IZMqVJ9eUv/ZqCf1cOBL5iqX2lQ=

printj@~1.1.0, printj@~1.1.2:
  version "1.1.2"
  resolved "https://registry.yarnpkg.com/printj/-/printj-1.1.2.tgz#d90deb2975a8b9f600fb3a1c94e3f4c53c78a222"
  integrity sha512-zA2SmoLaxZyArQTOPj5LXecR+RagfPSU5Kw1qP+jkWeNlrq+eJZyY2oS68SU1Z/7/myXM4lo9716laOFAVStCQ==

prism-media@^1.2.0:
  version "1.2.2"
  resolved "https://registry.yarnpkg.com/prism-media/-/prism-media-1.2.2.tgz#4f1c841f248b67d325a24b4e6b1a491b8f50a24f"
  integrity sha512-I+nkWY212lJ500jLe4tN9tWO7nRiBAVdMv76P9kffZjYhw20raMlW1HSSvS+MLXC9MmbNZCazMrAr+5jEEgTuw==

setimmediate@^1.0.5:
  version "1.0.5"
  resolved "https://registry.yarnpkg.com/setimmediate/-/setimmediate-1.0.5.tgz#290cbb232e306942d7d7ea9b83732ab7856f8285"
  integrity sha1-KQy7Iy4waULX1+qbg3Mqt4VvgoU=

source-map@~0.6.1:
  version "0.6.1"
  resolved "https://registry.yarnpkg.com/source-map/-/source-map-0.6.1.tgz#74722af32e9614e9c287a8d0bbde48b5e2f1a263"
  integrity sha512-UjgapumWlbMhkBgzT7Ykc5YXUT46F0iKu8SGXq0bcwP5dz/h0Plj6enJqjz1Zbq2l5WaqYnrVbwWOWMyF3F47g==

ssf@~0.11.2:
  version "0.11.2"
  resolved "https://registry.yarnpkg.com/ssf/-/ssf-0.11.2.tgz#0b99698b237548d088fc43cdf2b70c1a7512c06c"
  integrity sha512-+idbmIXoYET47hH+d7dfm2epdOMUDjqcB4648sTZ+t2JwoyBFL/insLfB/racrDmsKB3diwsDA696pZMieAC5g==
  dependencies:
    frac "~1.1.2"

tweetnacl@^1.0.3:
  version "1.0.3"
  resolved "https://registry.yarnpkg.com/tweetnacl/-/tweetnacl-1.0.3.tgz#ac0af71680458d8a6378d0d0d050ab1407d35596"
  integrity sha512-6rt+RN7aOi1nGMyC4Xa5DdYiukl2UWCbcJft7YhxReBGQD7OAM8Pbxw6YMo4r2diNEA8FEmu32YOn9rhaiE5yw==

type-check@~0.3.2:
  version "0.3.2"
  resolved "https://registry.yarnpkg.com/type-check/-/type-check-0.3.2.tgz#5884cab512cf1d355e3fb784f30804b2b520db72"
  integrity sha1-WITKtRLPHTVeP7eE8wgEsrUg23I=
  dependencies:
    prelude-ls "~1.1.2"

wmf@~1.0.1:
  version "1.0.2"
  resolved "https://registry.yarnpkg.com/wmf/-/wmf-1.0.2.tgz#7d19d621071a08c2bdc6b7e688a9c435298cc2da"
  integrity sha512-/p9K7bEh0Dj6WbXg4JG0xvLQmIadrner1bi45VMJTfnbVHsc7yIajZyoSoK60/dtVBs12Fm6WkUI5/3WAVsNMw==

word-wrap@~1.2.3:
  version "1.2.3"
  resolved "https://registry.yarnpkg.com/word-wrap/-/word-wrap-1.2.3.tgz#610636f6b1f703891bd34771ccb17fb93b47079c"
  integrity sha512-Hz/mrNwitNRh/HUAtM/VT/5VH+ygD6DV7mYKZAtHOrbs8U7lvPS6xf7EJKMF0uW1KJCl0H701g3ZGus+muE5vQ==

word@~0.3.0:
  version "0.3.0"
  resolved "https://registry.yarnpkg.com/word/-/word-0.3.0.tgz#8542157e4f8e849f4a363a288992d47612db9961"
  integrity sha512-OELeY0Q61OXpdUfTp+oweA/vtLVg5VDOXh+3he3PNzLGG/y0oylSOC1xRVj0+l4vQ3tj/bB1HVHv1ocXkQceFA==

ws@^7.2.1:
  version "7.3.1"
  resolved "https://registry.yarnpkg.com/ws/-/ws-7.3.1.tgz#d0547bf67f7ce4f12a72dfe31262c68d7dc551c8"
  integrity sha512-D3RuNkynyHmEJIpD2qrgVkc9DQ23OrN/moAwZX4L8DfvszsJxpjQuUq3LMx6HoYji9fbIOBY18XWBsAux1ZZUA==

xlsx@^0.16.2:
  version "0.16.4"
  resolved "https://registry.yarnpkg.com/xlsx/-/xlsx-0.16.4.tgz#6cc8913fb12846a7c76e090650d8bc4c4d3f02d1"
  integrity sha512-l1xqTdXRK3DCxkxHGj3OxZM1ertzeqjWodi0jevBNSivoyYMPEJAHhVW7BAfM3gFXK35dCM0CacGUXbATdFvqQ==
  dependencies:
    adler-32 "~1.2.0"
    cfb "^1.1.4"
    codepage "~1.14.0"
    commander "~2.17.1"
    crc-32 "~1.2.0"
    exit-on-epipe "~1.0.1"
    ssf "~0.11.2"
    wmf "~1.0.1"
    word "~0.3.0"

zlibjs@^0.3.1:
  version "0.3.1"
  resolved "https://registry.yarnpkg.com/zlibjs/-/zlibjs-0.3.1.tgz#50197edb28a1c42ca659cc8b4e6a9ddd6d444554"
  integrity sha1-UBl+2yihxCymWcyLTmqd3W1ERVQ=
